# This file is automatically @generated by Cargo.
# It is not intended for manual editing.
version = 3

[[package]]
name = "byteorder"
version = "1.4.3"
source = "registry+https://github.com/rust-lang/crates.io-index"
checksum = "14c189c53d098945499cdfa7ecc63567cf3886b3332b312a5b4585d8d3a6a610"

[[package]]
name = "cfg-if"
version = "1.0.0"
source = "registry+https://github.com/rust-lang/crates.io-index"
checksum = "baf1de4339761588bc0619e3cbc0120ee582ebb74b53b4efbf79117bd2da40fd"

[[package]]
name = "encoding_rs"
version = "0.8.29"
source = "registry+https://github.com/rust-lang/crates.io-index"
checksum = "a74ea89a0a1b98f6332de42c95baff457ada66d1cb4030f9ff151b2041a1c746"
dependencies = [
 "cfg-if",
]

[[package]]
name = "ip"
version = "0.1.0"
dependencies = [
 "byteorder",
 "encoding_rs",
]
